
Microsoft Visual Studio Solution File, Format Version 12.00
# Visual Studio 15
VisualStudioVersion = 15.0.28307.1022
MinimumVisualStudioVersion = 10.0.40219.1
Project("{FAE04EC0-301F-11D3-BF4B-00C04F79EFBC}") = "ToDoList.Core", "ToDoList.Core\ToDoList.Core.csproj", "{8E2A3242-3248-4CF7-AAFA-807048F55358}"
EndProject
Project("{FAE04EC0-301F-11D3-BF4B-00C04F79EFBC}") = "ToDoList.WindowsFormApp", "ToDoList.WindowsFormApp\ToDoList.WindowsFormApp.csproj", "{7741F7E8-523D-4377-804D-B7C902401861}"
	ProjectSection(ProjectDependencies) = postProject
		{8E2A3242-3248-4CF7-AAFA-807048F55358} = {8E2A3242-3248-4CF7-AAFA-807048F55358}
	EndProjectSection
EndProject
Project("{2150E333-8FDC-42A3-9474-1A3956D46DE8}") = "Core", "Core", "{3D9CC383-BD08-4524-897F-057B1163A6AC}"
EndProject
Project("{FAE04EC0-301F-11D3-BF4B-00C04F79EFBC}") = "ToDoList.DataAccess", "ToDoList.DataAccess\ToDoList.DataAccess.csproj", "{059EFA81-D3D2-4F4A-8EEC-5C957AA18E4A}"
EndProject
Project("{FAE04EC0-301F-11D3-BF4B-00C04F79EFBC}") = "ToDoList.Utils", "ToDoList.Utils\ToDoList.Utils.csproj", "{48375209-7E3E-466F-8197-4B7717E7C727}"
EndProject
Project("{2150E333-8FDC-42A3-9474-1A3956D46DE8}") = "UI", "UI", "{19F20834-13F8-4AAF-95B0-383C876DF9AC}"
EndProject
Project("{2150E333-8FDC-42A3-9474-1A3956D46DE8}") = "Tests", "Tests", "{21780B9E-3050-487A-BDC1-E35AB45A3090}"
EndProject
Project("{FAE04EC0-301F-11D3-BF4B-00C04F79EFBC}") = "ToDoList.CoreTests", "ToDoList.CoreTests\ToDoList.CoreTests.csproj", "{E6819C76-2284-43BA-9147-DC3FECFBB97D}"
EndProject
Global
	GlobalSection(SolutionConfigurationPlatforms) = preSolution
		Debug|Any CPU = Debug|Any CPU
		Release|Any CPU = Release|Any CPU
	EndGlobalSection
	GlobalSection(ProjectConfigurationPlatforms) = postSolution
		{8E2A3242-3248-4CF7-AAFA-807048F55358}.Debug|Any CPU.ActiveCfg = Debug|Any CPU
		{8E2A3242-3248-4CF7-AAFA-807048F55358}.Debug|Any CPU.Build.0 = Debug|Any CPU
		{8E2A3242-3248-4CF7-AAFA-807048F55358}.Release|Any CPU.ActiveCfg = Release|Any CPU
		{8E2A3242-3248-4CF7-AAFA-807048F55358}.Release|Any CPU.Build.0 = Release|Any CPU
		{7741F7E8-523D-4377-804D-B7C902401861}.Debug|Any CPU.ActiveCfg = Debug|Any CPU
		{7741F7E8-523D-4377-804D-B7C902401861}.Debug|Any CPU.Build.0 = Debug|Any CPU
		{7741F7E8-523D-4377-804D-B7C902401861}.Release|Any CPU.ActiveCfg = Release|Any CPU
		{7741F7E8-523D-4377-804D-B7C902401861}.Release|Any CPU.Build.0 = Release|Any CPU
		{059EFA81-D3D2-4F4A-8EEC-5C957AA18E4A}.Debug|Any CPU.ActiveCfg = Debug|Any CPU
		{059EFA81-D3D2-4F4A-8EEC-5C957AA18E4A}.Debug|Any CPU.Build.0 = Debug|Any CPU
		{059EFA81-D3D2-4F4A-8EEC-5C957AA18E4A}.Release|Any CPU.ActiveCfg = Release|Any CPU
		{059EFA81-D3D2-4F4A-8EEC-5C957AA18E4A}.Release|Any CPU.Build.0 = Release|Any CPU
		{48375209-7E3E-466F-8197-4B7717E7C727}.Debug|Any CPU.ActiveCfg = Debug|Any CPU
		{48375209-7E3E-466F-8197-4B7717E7C727}.Debug|Any CPU.Build.0 = Debug|Any CPU
		{48375209-7E3E-466F-8197-4B7717E7C727}.Release|Any CPU.ActiveCfg = Release|Any CPU
		{48375209-7E3E-466F-8197-4B7717E7C727}.Release|Any CPU.Build.0 = Release|Any CPU
		{E6819C76-2284-43BA-9147-DC3FECFBB97D}.Debug|Any CPU.ActiveCfg = Debug|Any CPU
		{E6819C76-2284-43BA-9147-DC3FECFBB97D}.Debug|Any CPU.Build.0 = Debug|Any CPU
		{E6819C76-2284-43BA-9147-DC3FECFBB97D}.Release|Any CPU.ActiveCfg = Release|Any CPU
		{E6819C76-2284-43BA-9147-DC3FECFBB97D}.Release|Any CPU.Build.0 = Release|Any CPU
	EndGlobalSection
	GlobalSection(SolutionProperties) = preSolution
		HideSolutionNode = FALSE
	EndGlobalSection
	GlobalSection(NestedProjects) = preSolution
		{8E2A3242-3248-4CF7-AAFA-807048F55358} = {3D9CC383-BD08-4524-897F-057B1163A6AC}
		{7741F7E8-523D-4377-804D-B7C902401861} = {19F20834-13F8-4AAF-95B0-383C876DF9AC}
		{059EFA81-D3D2-4F4A-8EEC-5C957AA18E4A} = {3D9CC383-BD08-4524-897F-057B1163A6AC}
		{48375209-7E3E-466F-8197-4B7717E7C727} = {3D9CC383-BD08-4524-897F-057B1163A6AC}
		{E6819C76-2284-43BA-9147-DC3FECFBB97D} = {21780B9E-3050-487A-BDC1-E35AB45A3090}
	EndGlobalSection
	GlobalSection(ExtensibilityGlobals) = postSolution
		SolutionGuid = {FC400106-381A-49FB-BB09-78E9E4B043C4}
	EndGlobalSection
EndGlobal
